
Microsoft Visual Studio Solution File, Format Version 11.00
# Visual Studio 2010
Project("{FAE04EC0-301F-11D3-BF4B-00C04F79EFBC}") = "square", "Assembly-CSharp.csproj", "{45370AE3-0EAF-461A-4C18-EC36DE877D88}"
EndProject
Global
	GlobalSection(SolutionConfigurationPlatforms) = preSolution
		Debug|Any CPU = Debug|Any CPU
		Release|Any CPU = Release|Any CPU
	EndGlobalSection
	GlobalSection(ProjectConfigurationPlatforms) = postSolution
		{45370AE3-0EAF-461A-4C18-EC36DE877D88}.Debug|Any CPU.ActiveCfg = Debug|Any CPU
		{45370AE3-0EAF-461A-4C18-EC36DE877D88}.Debug|Any CPU.Build.0 = Debug|Any CPU
		{45370AE3-0EAF-461A-4C18-EC36DE877D88}.Release|Any CPU.ActiveCfg = Release|Any CPU
		{45370AE3-0EAF-461A-4C18-EC36DE877D88}.Release|Any CPU.Build.0 = Release|Any CPU
	EndGlobalSection
	GlobalSection(SolutionProperties) = preSolution
		HideSolutionNode = FALSE
	EndGlobalSection
	GlobalSection(MonoDevelopProperties) = preSolution
		StartupItem = Assembly-CSharp.csproj
	EndGlobalSection
EndGlobal
